// !$*UTF8*$!
{
	archiveVersion = 1;
	classes = {
	};
	objectVersion = 50;
	objects = {

/* Begin PBXBuildFile section */
		EB4CB6532199AA1E00280224 /* AppDelegate.swift in Sources */ = {isa = PBXBuildFile; fileRef = EB4CB6522199AA1E00280224 /* AppDelegate.swift */; };
		EB4CB65A2199AA1F00280224 /* Assets.xcassets in Resources */ = {isa = PBXBuildFile; fileRef = EB4CB6592199AA1F00280224 /* Assets.xcassets */; };
		EB4CB65D2199AA1F00280224 /* LaunchScreen.storyboard in Resources */ = {isa = PBXBuildFile; fileRef = EB4CB65B2199AA1F00280224 /* LaunchScreen.storyboard */; };
		EB4CB6682199AA2000280224 /* cashbackModuleTests.swift in Sources */ = {isa = PBXBuildFile; fileRef = EB4CB6672199AA2000280224 /* cashbackModuleTests.swift */; };
		EB4CB6732199AA2000280224 /* cashbackModuleUITests.swift in Sources */ = {isa = PBXBuildFile; fileRef = EB4CB6722199AA2000280224 /* cashbackModuleUITests.swift */; };
		EB4CB6E52199B41600280224 /* NSObjectExtensions.swift in Sources */ = {isa = PBXBuildFile; fileRef = EB4CB6E22199B41600280224 /* NSObjectExtensions.swift */; };
		EB4CB6E62199B41600280224 /* UIViewExtensions.swift in Sources */ = {isa = PBXBuildFile; fileRef = EB4CB6E32199B41600280224 /* UIViewExtensions.swift */; };
		EB4CB6E72199B41600280224 /* UIViewControllerExtension.swift in Sources */ = {isa = PBXBuildFile; fileRef = EB4CB6E42199B41600280224 /* UIViewControllerExtension.swift */; };
		EB4CB6E92199B5E800280224 /* StoryboardsEnum.swift in Sources */ = {isa = PBXBuildFile; fileRef = EB4CB6E82199B5E800280224 /* StoryboardsEnum.swift */; };
		EB4CB6F82199BF5500280224 /* Presentable.swift in Sources */ = {isa = PBXBuildFile; fileRef = EB4CB6F42199BF5500280224 /* Presentable.swift */; };
		EB4CB6F92199BF5500280224 /* BaseView.swift in Sources */ = {isa = PBXBuildFile; fileRef = EB4CB6F52199BF5500280224 /* BaseView.swift */; };
		EB4CB6FA2199BF5500280224 /* Coordinator.swift in Sources */ = {isa = PBXBuildFile; fileRef = EB4CB6F62199BF5500280224 /* Coordinator.swift */; };
		EB4CB6FD2199BFA100280224 /* BaseCoordinator.swift in Sources */ = {isa = PBXBuildFile; fileRef = EB4CB6FC2199BFA100280224 /* BaseCoordinator.swift */; };
		EB4CB6FF2199C00200280224 /* ApplicationCoordinator.swift in Sources */ = {isa = PBXBuildFile; fileRef = EB4CB6FE2199C00200280224 /* ApplicationCoordinator.swift */; };
		EB4CB70B2199C02B00280224 /* ModuleFactoryImp.swift in Sources */ = {isa = PBXBuildFile; fileRef = EB4CB7032199C02B00280224 /* ModuleFactoryImp.swift */; };
		EB4CB70C2199C02B00280224 /* SettingsModuleFactory.swift in Sources */ = {isa = PBXBuildFile; fileRef = EB4CB7042199C02B00280224 /* SettingsModuleFactory.swift */; };
		EB4CB70F2199C02B00280224 /* CoordinatorFactoryImp.swift in Sources */ = {isa = PBXBuildFile; fileRef = EB4CB7072199C02B00280224 /* CoordinatorFactoryImp.swift */; };
		EB4CB7102199C02B00280224 /* CoordinatorFactory.swift in Sources */ = {isa = PBXBuildFile; fileRef = EB4CB7082199C02B00280224 /* CoordinatorFactory.swift */; };
		EB4CB7142199C0E600280224 /* RouterImp.swift in Sources */ = {isa = PBXBuildFile; fileRef = EB4CB7122199C0E600280224 /* RouterImp.swift */; };
		EB4CB7152199C0E600280224 /* Router.swift in Sources */ = {isa = PBXBuildFile; fileRef = EB4CB7132199C0E600280224 /* Router.swift */; };
		EB4CB71B2199C26000280224 /* SettingsCoordinator.swift in Sources */ = {isa = PBXBuildFile; fileRef = EB4CB7182199C25F00280224 /* SettingsCoordinator.swift */; };
		EB4CB71C2199C26000280224 /* SettingsController.swift in Sources */ = {isa = PBXBuildFile; fileRef = EB4CB7192199C25F00280224 /* SettingsController.swift */; };
		EB4CB71D2199C26000280224 /* SettingsView.swift in Sources */ = {isa = PBXBuildFile; fileRef = EB4CB71A2199C26000280224 /* SettingsView.swift */; };
		EB4CB71F2199C27400280224 /* Setting.swift in Sources */ = {isa = PBXBuildFile; fileRef = EB4CB71E2199C27400280224 /* Setting.swift */; };
		EBD663E921A423660074F379 /* Cashback.storyboard in Resources */ = {isa = PBXBuildFile; fileRef = EBD663E821A423660074F379 /* Cashback.storyboard */; };
		EBD663EC21A425B80074F379 /* Settings.storyboard in Resources */ = {isa = PBXBuildFile; fileRef = EBD663EB21A425B80074F379 /* Settings.storyboard */; };
		EBD663F621A426780074F379 /* LocationController.swift in Sources */ = {isa = PBXBuildFile; fileRef = EBD663EE21A426780074F379 /* LocationController.swift */; };
		EBD663F721A426780074F379 /* LocationView.swift in Sources */ = {isa = PBXBuildFile; fileRef = EBD663EF21A426780074F379 /* LocationView.swift */; };
		EBD663F821A426780074F379 /* CashbackView.swift in Sources */ = {isa = PBXBuildFile; fileRef = EBD663F021A426780074F379 /* CashbackView.swift */; };
		EBD663F921A426780074F379 /* DealsController.swift in Sources */ = {isa = PBXBuildFile; fileRef = EBD663F121A426780074F379 /* DealsController.swift */; };
		EBD663FA21A426780074F379 /* DealsView.swift in Sources */ = {isa = PBXBuildFile; fileRef = EBD663F221A426780074F379 /* DealsView.swift */; };
		EBD663FB21A426780074F379 /* CashbackCoordinator.swift in Sources */ = {isa = PBXBuildFile; fileRef = EBD663F321A426780074F379 /* CashbackCoordinator.swift */; };
		EBD663FC21A426780074F379 /* CashbackController.swift in Sources */ = {isa = PBXBuildFile; fileRef = EBD663F421A426780074F379 /* CashbackController.swift */; };
		EBD663FD21A426780074F379 /* CashbackCoordinatorOutput.swift in Sources */ = {isa = PBXBuildFile; fileRef = EBD663F521A426780074F379 /* CashbackCoordinatorOutput.swift */; };
		EBD663FF21A426DD0074F379 /* CashbackModuleFactory.swift in Sources */ = {isa = PBXBuildFile; fileRef = EBD663FE21A426DD0074F379 /* CashbackModuleFactory.swift */; };
		EBD6640121A429560074F379 /* FollowersController.swift in Sources */ = {isa = PBXBuildFile; fileRef = EBD6640021A429560074F379 /* FollowersController.swift */; };
		EBD6640321A4299A0074F379 /* FollowersView.swift in Sources */ = {isa = PBXBuildFile; fileRef = EBD6640221A4299A0074F379 /* FollowersView.swift */; };
		EBD6641E21A457ED0074F379 /* Start.storyboard in Resources */ = {isa = PBXBuildFile; fileRef = EBD6641D21A457ED0074F379 /* Start.storyboard */; };
		EBD6642021A57EF70074F379 /* TabbarView.swift in Sources */ = {isa = PBXBuildFile; fileRef = EBD6641F21A57EF70074F379 /* TabbarView.swift */; };
		EBD6642221A591C30074F379 /* TabbarCoordinator.swift in Sources */ = {isa = PBXBuildFile; fileRef = EBD6642121A591C30074F379 /* TabbarCoordinator.swift */; };
		EBD6642921A593BB0074F379 /* TabbarController.swift in Sources */ = {isa = PBXBuildFile; fileRef = EBD6642821A593BB0074F379 /* TabbarController.swift */; };
		EBD6643221A5994E0074F379 /* FakeStart.storyboard in Resources */ = {isa = PBXBuildFile; fileRef = EBD6643121A5994E0074F379 /* FakeStart.storyboard */; };
		EBD6643421A599AE0074F379 /* FakeStartViewController.swift in Sources */ = {isa = PBXBuildFile; fileRef = EBD6643321A599AE0074F379 /* FakeStartViewController.swift */; };
/* End PBXBuildFile section */

/* Begin PBXContainerItemProxy section */
		EB4CB6642199AA2000280224 /* PBXContainerItemProxy */ = {
			isa = PBXContainerItemProxy;
			containerPortal = EB4CB6472199AA1E00280224 /* Project object */;
			proxyType = 1;
			remoteGlobalIDString = EB4CB64E2199AA1E00280224;
			remoteInfo = cashbackModule;
		};
		EB4CB66F2199AA2000280224 /* PBXContainerItemProxy */ = {
			isa = PBXContainerItemProxy;
			containerPortal = EB4CB6472199AA1E00280224 /* Project object */;
			proxyType = 1;
			remoteGlobalIDString = EB4CB64E2199AA1E00280224;
			remoteInfo = cashbackModule;
		};
/* End PBXContainerItemProxy section */

/* Begin PBXFileReference section */
		EB4CB64F2199AA1E00280224 /* cashbackModule.app */ = {isa = PBXFileReference; explicitFileType = wrapper.application; includeInIndex = 0; path = cashbackModule.app; sourceTree = BUILT_PRODUCTS_DIR; };
		EB4CB6522199AA1E00280224 /* AppDelegate.swift */ = {isa = PBXFileReference; lastKnownFileType = sourcecode.swift; path = AppDelegate.swift; sourceTree = "<group>"; };
		EB4CB6592199AA1F00280224 /* Assets.xcassets */ = {isa = PBXFileReference; lastKnownFileType = folder.assetcatalog; path = Assets.xcassets; sourceTree = "<group>"; };
		EB4CB65C2199AA1F00280224 /* Base */ = {isa = PBXFileReference; lastKnownFileType = file.storyboard; name = Base; path = Base.lproj/LaunchScreen.storyboard; sourceTree = "<group>"; };
		EB4CB65E2199AA1F00280224 /* Info.plist */ = {isa = PBXFileReference; lastKnownFileType = text.plist.xml; path = Info.plist; sourceTree = "<group>"; };
		EB4CB6632199AA2000280224 /* cashbackModuleTests.xctest */ = {isa = PBXFileReference; explicitFileType = wrapper.cfbundle; includeInIndex = 0; path = cashbackModuleTests.xctest; sourceTree = BUILT_PRODUCTS_DIR; };
		EB4CB6672199AA2000280224 /* cashbackModuleTests.swift */ = {isa = PBXFileReference; lastKnownFileType = sourcecode.swift; path = cashbackModuleTests.swift; sourceTree = "<group>"; };
		EB4CB6692199AA2000280224 /* Info.plist */ = {isa = PBXFileReference; lastKnownFileType = text.plist.xml; path = Info.plist; sourceTree = "<group>"; };
		EB4CB66E2199AA2000280224 /* cashbackModuleUITests.xctest */ = {isa = PBXFileReference; explicitFileType = wrapper.cfbundle; includeInIndex = 0; path = cashbackModuleUITests.xctest; sourceTree = BUILT_PRODUCTS_DIR; };
		EB4CB6722199AA2000280224 /* cashbackModuleUITests.swift */ = {isa = PBXFileReference; lastKnownFileType = sourcecode.swift; path = cashbackModuleUITests.swift; sourceTree = "<group>"; };
		EB4CB6742199AA2000280224 /* Info.plist */ = {isa = PBXFileReference; lastKnownFileType = text.plist.xml; path = Info.plist; sourceTree = "<group>"; };
		EB4CB6DD2199B0FD00280224 /* cashbackModule-Bridging-Header.h */ = {isa = PBXFileReference; fileEncoding = 4; lastKnownFileType = sourcecode.c.h; path = "cashbackModule-Bridging-Header.h"; sourceTree = "<group>"; };
		EB4CB6E22199B41600280224 /* NSObjectExtensions.swift */ = {isa = PBXFileReference; fileEncoding = 4; lastKnownFileType = sourcecode.swift; path = NSObjectExtensions.swift; sourceTree = "<group>"; };
		EB4CB6E32199B41600280224 /* UIViewExtensions.swift */ = {isa = PBXFileReference; fileEncoding = 4; lastKnownFileType = sourcecode.swift; path = UIViewExtensions.swift; sourceTree = "<group>"; };
		EB4CB6E42199B41600280224 /* UIViewControllerExtension.swift */ = {isa = PBXFileReference; fileEncoding = 4; lastKnownFileType = sourcecode.swift; path = UIViewControllerExtension.swift; sourceTree = "<group>"; };
		EB4CB6E82199B5E800280224 /* StoryboardsEnum.swift */ = {isa = PBXFileReference; fileEncoding = 4; lastKnownFileType = sourcecode.swift; path = StoryboardsEnum.swift; sourceTree = "<group>"; };
		EB4CB6F42199BF5500280224 /* Presentable.swift */ = {isa = PBXFileReference; fileEncoding = 4; lastKnownFileType = sourcecode.swift; path = Presentable.swift; sourceTree = "<group>"; };
		EB4CB6F52199BF5500280224 /* BaseView.swift */ = {isa = PBXFileReference; fileEncoding = 4; lastKnownFileType = sourcecode.swift; path = BaseView.swift; sourceTree = "<group>"; };
		EB4CB6F62199BF5500280224 /* Coordinator.swift */ = {isa = PBXFileReference; fileEncoding = 4; lastKnownFileType = sourcecode.swift; path = Coordinator.swift; sourceTree = "<group>"; };
		EB4CB6FC2199BFA100280224 /* BaseCoordinator.swift */ = {isa = PBXFileReference; fileEncoding = 4; lastKnownFileType = sourcecode.swift; path = BaseCoordinator.swift; sourceTree = "<group>"; };
		EB4CB6FE2199C00200280224 /* ApplicationCoordinator.swift */ = {isa = PBXFileReference; fileEncoding = 4; lastKnownFileType = sourcecode.swift; path = ApplicationCoordinator.swift; sourceTree = "<group>"; };
		EB4CB7032199C02B00280224 /* ModuleFactoryImp.swift */ = {isa = PBXFileReference; fileEncoding = 4; lastKnownFileType = sourcecode.swift; path = ModuleFactoryImp.swift; sourceTree = "<group>"; };
		EB4CB7042199C02B00280224 /* SettingsModuleFactory.swift */ = {isa = PBXFileReference; fileEncoding = 4; lastKnownFileType = sourcecode.swift; path = SettingsModuleFactory.swift; sourceTree = "<group>"; };
		EB4CB7072199C02B00280224 /* CoordinatorFactoryImp.swift */ = {isa = PBXFileReference; fileEncoding = 4; lastKnownFileType = sourcecode.swift; path = CoordinatorFactoryImp.swift; sourceTree = "<group>"; };
		EB4CB7082199C02B00280224 /* CoordinatorFactory.swift */ = {isa = PBXFileReference; fileEncoding = 4; lastKnownFileType = sourcecode.swift; path = CoordinatorFactory.swift; sourceTree = "<group>"; };
		EB4CB7122199C0E600280224 /* RouterImp.swift */ = {isa = PBXFileReference; fileEncoding = 4; lastKnownFileType = sourcecode.swift; path = RouterImp.swift; sourceTree = "<group>"; };
		EB4CB7132199C0E600280224 /* Router.swift */ = {isa = PBXFileReference; fileEncoding = 4; lastKnownFileType = sourcecode.swift; path = Router.swift; sourceTree = "<group>"; };
		EB4CB7182199C25F00280224 /* SettingsCoordinator.swift */ = {isa = PBXFileReference; fileEncoding = 4; lastKnownFileType = sourcecode.swift; path = SettingsCoordinator.swift; sourceTree = "<group>"; };
		EB4CB7192199C25F00280224 /* SettingsController.swift */ = {isa = PBXFileReference; fileEncoding = 4; lastKnownFileType = sourcecode.swift; path = SettingsController.swift; sourceTree = "<group>"; };
		EB4CB71A2199C26000280224 /* SettingsView.swift */ = {isa = PBXFileReference; fileEncoding = 4; lastKnownFileType = sourcecode.swift; path = SettingsView.swift; sourceTree = "<group>"; };
		EB4CB71E2199C27400280224 /* Setting.swift */ = {isa = PBXFileReference; fileEncoding = 4; lastKnownFileType = sourcecode.swift; path = Setting.swift; sourceTree = "<group>"; };
		EBD663E821A423660074F379 /* Cashback.storyboard */ = {isa = PBXFileReference; lastKnownFileType = file.storyboard; path = Cashback.storyboard; sourceTree = "<group>"; };
		EBD663EB21A425B80074F379 /* Settings.storyboard */ = {isa = PBXFileReference; lastKnownFileType = file.storyboard; path = Settings.storyboard; sourceTree = "<group>"; };
		EBD663EE21A426780074F379 /* LocationController.swift */ = {isa = PBXFileReference; fileEncoding = 4; lastKnownFileType = sourcecode.swift; path = LocationController.swift; sourceTree = "<group>"; };
		EBD663EF21A426780074F379 /* LocationView.swift */ = {isa = PBXFileReference; fileEncoding = 4; lastKnownFileType = sourcecode.swift; path = LocationView.swift; sourceTree = "<group>"; };
		EBD663F021A426780074F379 /* CashbackView.swift */ = {isa = PBXFileReference; fileEncoding = 4; lastKnownFileType = sourcecode.swift; path = CashbackView.swift; sourceTree = "<group>"; };
		EBD663F121A426780074F379 /* DealsController.swift */ = {isa = PBXFileReference; fileEncoding = 4; lastKnownFileType = sourcecode.swift; path = DealsController.swift; sourceTree = "<group>"; };
		EBD663F221A426780074F379 /* DealsView.swift */ = {isa = PBXFileReference; fileEncoding = 4; lastKnownFileType = sourcecode.swift; path = DealsView.swift; sourceTree = "<group>"; };
		EBD663F321A426780074F379 /* CashbackCoordinator.swift */ = {isa = PBXFileReference; fileEncoding = 4; lastKnownFileType = sourcecode.swift; path = CashbackCoordinator.swift; sourceTree = "<group>"; };
		EBD663F421A426780074F379 /* CashbackController.swift */ = {isa = PBXFileReference; fileEncoding = 4; lastKnownFileType = sourcecode.swift; path = CashbackController.swift; sourceTree = "<group>"; };
		EBD663F521A426780074F379 /* CashbackCoordinatorOutput.swift */ = {isa = PBXFileReference; fileEncoding = 4; lastKnownFileType = sourcecode.swift; path = CashbackCoordinatorOutput.swift; sourceTree = "<group>"; };
		EBD663FE21A426DD0074F379 /* CashbackModuleFactory.swift */ = {isa = PBXFileReference; fileEncoding = 4; lastKnownFileType = sourcecode.swift; path = CashbackModuleFactory.swift; sourceTree = "<group>"; };
		EBD6640021A429560074F379 /* FollowersController.swift */ = {isa = PBXFileReference; lastKnownFileType = sourcecode.swift; path = FollowersController.swift; sourceTree = "<group>"; };
		EBD6640221A4299A0074F379 /* FollowersView.swift */ = {isa = PBXFileReference; lastKnownFileType = sourcecode.swift; path = FollowersView.swift; sourceTree = "<group>"; };
		EBD6641D21A457ED0074F379 /* Start.storyboard */ = {isa = PBXFileReference; lastKnownFileType = file.storyboard; path = Start.storyboard; sourceTree = "<group>"; };
		EBD6641F21A57EF70074F379 /* TabbarView.swift */ = {isa = PBXFileReference; lastKnownFileType = sourcecode.swift; path = TabbarView.swift; sourceTree = "<group>"; };
		EBD6642121A591C30074F379 /* TabbarCoordinator.swift */ = {isa = PBXFileReference; lastKnownFileType = sourcecode.swift; name = TabbarCoordinator.swift; path = ../../Base/TabbarCoordinator.swift; sourceTree = "<group>"; };
		EBD6642821A593BB0074F379 /* TabbarController.swift */ = {isa = PBXFileReference; fileEncoding = 4; lastKnownFileType = sourcecode.swift; path = TabbarController.swift; sourceTree = "<group>"; };
		EBD6643121A5994E0074F379 /* FakeStart.storyboard */ = {isa = PBXFileReference; lastKnownFileType = file.storyboard; path = FakeStart.storyboard; sourceTree = "<group>"; };
		EBD6643321A599AE0074F379 /* FakeStartViewController.swift */ = {isa = PBXFileReference; lastKnownFileType = sourcecode.swift; path = FakeStartViewController.swift; sourceTree = "<group>"; };
/* End PBXFileReference section */

/* Begin PBXFrameworksBuildPhase section */
		EB4CB64C2199AA1E00280224 /* Frameworks */ = {
			isa = PBXFrameworksBuildPhase;
			buildActionMask = 2147483647;
			files = (
			);
			runOnlyForDeploymentPostprocessing = 0;
		};
		EB4CB6602199AA2000280224 /* Frameworks */ = {
			isa = PBXFrameworksBuildPhase;
			buildActionMask = 2147483647;
			files = (
			);
			runOnlyForDeploymentPostprocessing = 0;
		};
		EB4CB66B2199AA2000280224 /* Frameworks */ = {
			isa = PBXFrameworksBuildPhase;
			buildActionMask = 2147483647;
			files = (
			);
			runOnlyForDeploymentPostprocessing = 0;
		};
/* End PBXFrameworksBuildPhase section */

/* Begin PBXGroup section */
		EB4CB6462199AA1E00280224 = {
			isa = PBXGroup;
			children = (
				EB4CB6DD2199B0FD00280224 /* cashbackModule-Bridging-Header.h */,
				EB4CB6512199AA1E00280224 /* cashbackModule */,
				EB4CB6662199AA2000280224 /* cashbackModuleTests */,
				EB4CB6712199AA2000280224 /* cashbackModuleUITests */,
				EB4CB6502199AA1E00280224 /* Products */,
			);
			sourceTree = "<group>";
		};
		EB4CB6502199AA1E00280224 /* Products */ = {
			isa = PBXGroup;
			children = (
				EB4CB64F2199AA1E00280224 /* cashbackModule.app */,
				EB4CB6632199AA2000280224 /* cashbackModuleTests.xctest */,
				EB4CB66E2199AA2000280224 /* cashbackModuleUITests.xctest */,
			);
			name = Products;
			sourceTree = "<group>";
		};
		EB4CB6512199AA1E00280224 /* cashbackModule */ = {
			isa = PBXGroup;
			children = (
				EB4CB6DF2199B37500280224 /* Sources */,
				EBD6641721A44EDC0074F379 /* Resources */,
				EBD6641621A44EC80074F379 /* Core */,
				EB4CB65E2199AA1F00280224 /* Info.plist */,
			);
			path = cashbackModule;
			sourceTree = "<group>";
		};
		EB4CB6662199AA2000280224 /* cashbackModuleTests */ = {
			isa = PBXGroup;
			children = (
				EB4CB6672199AA2000280224 /* cashbackModuleTests.swift */,
				EB4CB6692199AA2000280224 /* Info.plist */,
			);
			path = cashbackModuleTests;
			sourceTree = "<group>";
		};
		EB4CB6712199AA2000280224 /* cashbackModuleUITests */ = {
			isa = PBXGroup;
			children = (
				EB4CB6722199AA2000280224 /* cashbackModuleUITests.swift */,
				EB4CB6742199AA2000280224 /* Info.plist */,
			);
			path = cashbackModuleUITests;
			sourceTree = "<group>";
		};
		EB4CB6DF2199B37500280224 /* Sources */ = {
			isa = PBXGroup;
			children = (
				EB4CB6FB2199BF8E00280224 /* Base */,
				EB4CB7162199C24700280224 /* Flows */,
				EB4CB7112199C0E600280224 /* Presenters */,
				EB4CB7002199C02B00280224 /* Factories */,
				EB4CB6F22199BF5500280224 /* Protocols */,
				EB4CB6E02199B37500280224 /* Storyboards */,
				EB4CB6E12199B37500280224 /* Extensions */,
			);
			path = Sources;
			sourceTree = "<group>";
		};
		EB4CB6E02199B37500280224 /* Storyboards */ = {
			isa = PBXGroup;
			children = (
				EB4CB6E82199B5E800280224 /* StoryboardsEnum.swift */,
				EB4CB65B2199AA1F00280224 /* LaunchScreen.storyboard */,
				EBD663E821A423660074F379 /* Cashback.storyboard */,
				EBD663EB21A425B80074F379 /* Settings.storyboard */,
				EBD6641D21A457ED0074F379 /* Start.storyboard */,
			);
			path = Storyboards;
			sourceTree = "<group>";
		};
		EB4CB6E12199B37500280224 /* Extensions */ = {
			isa = PBXGroup;
			children = (
				EB4CB6E22199B41600280224 /* NSObjectExtensions.swift */,
				EB4CB6E42199B41600280224 /* UIViewControllerExtension.swift */,
				EB4CB6E32199B41600280224 /* UIViewExtensions.swift */,
			);
			path = Extensions;
			sourceTree = "<group>";
		};
		EB4CB6F22199BF5500280224 /* Protocols */ = {
			isa = PBXGroup;
			children = (
				EB4CB6F42199BF5500280224 /* Presentable.swift */,
				EB4CB6F52199BF5500280224 /* BaseView.swift */,
				EB4CB6F62199BF5500280224 /* Coordinator.swift */,
			);
			path = Protocols;
			sourceTree = "<group>";
		};
		EB4CB6FB2199BF8E00280224 /* Base */ = {
			isa = PBXGroup;
			children = (
				EB4CB6FC2199BFA100280224 /* BaseCoordinator.swift */,
				EB4CB6FE2199C00200280224 /* ApplicationCoordinator.swift */,
			);
			path = Base;
			sourceTree = "<group>";
		};
		EB4CB7002199C02B00280224 /* Factories */ = {
			isa = PBXGroup;
			children = (
				EBD6640821A42C5B0074F379 /* Implementations */,
				EBD6640921A42C930074F379 /* Parts */,
			);
			path = Factories;
			sourceTree = "<group>";
		};
		EB4CB7112199C0E600280224 /* Presenters */ = {
			isa = PBXGroup;
			children = (
				EB4CB7122199C0E600280224 /* RouterImp.swift */,
				EB4CB7132199C0E600280224 /* Router.swift */,
			);
			path = Presenters;
			sourceTree = "<group>";
		};
		EB4CB7162199C24700280224 /* Flows */ = {
			isa = PBXGroup;
			children = (
				EBD6642321A593780074F379 /* Main Tabbar Flow */,
				EBD663EA21A425600074F379 /* Settings Flow */,
				EB4CB7172199C25000280224 /* Cashback Flow */,
			);
			path = Flows;
			sourceTree = "<group>";
		};
		EB4CB7172199C25000280224 /* Cashback Flow */ = {
			isa = PBXGroup;
			children = (
				EBD6642A21A596370074F379 /* Model */,
				EBD6642B21A5963C0074F379 /* Coordinator */,
				EBD663ED21A426780074F379 /* Controllers */,
				EBD6642C21A596470074F379 /* Protocols */,
			);
			path = "Cashback Flow";
			sourceTree = "<group>";
		};
		EBD663EA21A425600074F379 /* Settings Flow */ = {
			isa = PBXGroup;
			children = (
				EBD6642D21A596690074F379 /* Model */,
				EBD6642E21A596780074F379 /* Coordinator */,
				EBD6642F21A596880074F379 /* Controllers */,
				EBD6643021A596930074F379 /* Protocols */,
			);
			path = "Settings Flow";
			sourceTree = "<group>";
		};
		EBD663ED21A426780074F379 /* Controllers */ = {
			isa = PBXGroup;
			children = (
				EBD6640421A429B60074F379 /* Cashback */,
				EBD6640521A429C00074F379 /* Deals */,
				EBD6640621A429CA0074F379 /* Location */,
				EBD6640721A429D20074F379 /* Followers */,
			);
			path = Controllers;
			sourceTree = "<group>";
		};
		EBD6640421A429B60074F379 /* Cashback */ = {
			isa = PBXGroup;
			children = (
				EBD663F421A426780074F379 /* CashbackController.swift */,
				EBD663F021A426780074F379 /* CashbackView.swift */,
				EBD6641F21A57EF70074F379 /* TabbarView.swift */,
			);
			path = Cashback;
			sourceTree = "<group>";
		};
		EBD6640521A429C00074F379 /* Deals */ = {
			isa = PBXGroup;
			children = (
				EBD663F121A426780074F379 /* DealsController.swift */,
				EBD663F221A426780074F379 /* DealsView.swift */,
			);
			path = Deals;
			sourceTree = "<group>";
		};
		EBD6640621A429CA0074F379 /* Location */ = {
			isa = PBXGroup;
			children = (
				EBD663EE21A426780074F379 /* LocationController.swift */,
				EBD663EF21A426780074F379 /* LocationView.swift */,
			);
			path = Location;
			sourceTree = "<group>";
		};
		EBD6640721A429D20074F379 /* Followers */ = {
			isa = PBXGroup;
			children = (
				EBD6640021A429560074F379 /* FollowersController.swift */,
				EBD6640221A4299A0074F379 /* FollowersView.swift */,
			);
			path = Followers;
			sourceTree = "<group>";
		};
		EBD6640821A42C5B0074F379 /* Implementations */ = {
			isa = PBXGroup;
			children = (
				EB4CB7072199C02B00280224 /* CoordinatorFactoryImp.swift */,
				EB4CB7032199C02B00280224 /* ModuleFactoryImp.swift */,
			);
			path = Implementations;
			sourceTree = "<group>";
		};
		EBD6640921A42C930074F379 /* Parts */ = {
			isa = PBXGroup;
			children = (
				EBD663FE21A426DD0074F379 /* CashbackModuleFactory.swift */,
				EB4CB7042199C02B00280224 /* SettingsModuleFactory.swift */,
				EB4CB7082199C02B00280224 /* CoordinatorFactory.swift */,
			);
			path = Parts;
			sourceTree = "<group>";
		};
		EBD6641621A44EC80074F379 /* Core */ = {
			isa = PBXGroup;
			children = (
				EB4CB6522199AA1E00280224 /* AppDelegate.swift */,
				EBD6643121A5994E0074F379 /* FakeStart.storyboard */,
				EBD6643321A599AE0074F379 /* FakeStartViewController.swift */,
			);
			path = Core;
			sourceTree = "<group>";
		};
		EBD6641721A44EDC0074F379 /* Resources */ = {
			isa = PBXGroup;
			children = (
				EB4CB6592199AA1F00280224 /* Assets.xcassets */,
			);
			path = Resources;
			sourceTree = "<group>";
		};
		EBD6642321A593780074F379 /* Main Tabbar Flow */ = {
			isa = PBXGroup;
			children = (
				EBD6642821A593BB0074F379 /* TabbarController.swift */,
				EBD6642121A591C30074F379 /* TabbarCoordinator.swift */,
			);
			path = "Main Tabbar Flow";
			sourceTree = "<group>";
		};
		EBD6642A21A596370074F379 /* Model */ = {
			isa = PBXGroup;
			children = (
			);
			path = Model;
			sourceTree = "<group>";
		};
		EBD6642B21A5963C0074F379 /* Coordinator */ = {
			isa = PBXGroup;
			children = (
				EBD663F321A426780074F379 /* CashbackCoordinator.swift */,
			);
			path = Coordinator;
			sourceTree = "<group>";
		};
		EBD6642C21A596470074F379 /* Protocols */ = {
			isa = PBXGroup;
			children = (
				EBD663F521A426780074F379 /* CashbackCoordinatorOutput.swift */,
			);
			path = Protocols;
			sourceTree = "<group>";
		};
		EBD6642D21A596690074F379 /* Model */ = {
			isa = PBXGroup;
			children = (
				EB4CB71E2199C27400280224 /* Setting.swift */,
			);
			path = Model;
			sourceTree = "<group>";
		};
		EBD6642E21A596780074F379 /* Coordinator */ = {
			isa = PBXGroup;
			children = (
				EB4CB7182199C25F00280224 /* SettingsCoordinator.swift */,
			);
			path = Coordinator;
			sourceTree = "<group>";
		};
		EBD6642F21A596880074F379 /* Controllers */ = {
			isa = PBXGroup;
			children = (
				EB4CB7192199C25F00280224 /* SettingsController.swift */,
			);
			path = Controllers;
			sourceTree = "<group>";
		};
		EBD6643021A596930074F379 /* Protocols */ = {
			isa = PBXGroup;
			children = (
				EB4CB71A2199C26000280224 /* SettingsView.swift */,
			);
			path = Protocols;
			sourceTree = "<group>";
		};
/* End PBXGroup section */

/* Begin PBXNativeTarget section */
		EB4CB64E2199AA1E00280224 /* cashbackModule */ = {
			isa = PBXNativeTarget;
			buildConfigurationList = EB4CB6772199AA2000280224 /* Build configuration list for PBXNativeTarget "cashbackModule" */;
			buildPhases = (
				EB4CB64B2199AA1E00280224 /* Sources */,
				EB4CB64C2199AA1E00280224 /* Frameworks */,
				EB4CB64D2199AA1E00280224 /* Resources */,
			);
			buildRules = (
			);
			dependencies = (
			);
			name = cashbackModule;
			productName = cashbackModule;
			productReference = EB4CB64F2199AA1E00280224 /* cashbackModule.app */;
			productType = "com.apple.product-type.application";
		};
		EB4CB6622199AA2000280224 /* cashbackModuleTests */ = {
			isa = PBXNativeTarget;
			buildConfigurationList = EB4CB67A2199AA2000280224 /* Build configuration list for PBXNativeTarget "cashbackModuleTests" */;
			buildPhases = (
				EB4CB65F2199AA2000280224 /* Sources */,
				EB4CB6602199AA2000280224 /* Frameworks */,
				EB4CB6612199AA2000280224 /* Resources */,
			);
			buildRules = (
			);
			dependencies = (
				EB4CB6652199AA2000280224 /* PBXTargetDependency */,
			);
			name = cashbackModuleTests;
			productName = cashbackModuleTests;
			productReference = EB4CB6632199AA2000280224 /* cashbackModuleTests.xctest */;
			productType = "com.apple.product-type.bundle.unit-test";
		};
		EB4CB66D2199AA2000280224 /* cashbackModuleUITests */ = {
			isa = PBXNativeTarget;
			buildConfigurationList = EB4CB67D2199AA2000280224 /* Build configuration list for PBXNativeTarget "cashbackModuleUITests" */;
			buildPhases = (
				EB4CB66A2199AA2000280224 /* Sources */,
				EB4CB66B2199AA2000280224 /* Frameworks */,
				EB4CB66C2199AA2000280224 /* Resources */,
			);
			buildRules = (
			);
			dependencies = (
				EB4CB6702199AA2000280224 /* PBXTargetDependency */,
			);
			name = cashbackModuleUITests;
			productName = cashbackModuleUITests;
			productReference = EB4CB66E2199AA2000280224 /* cashbackModuleUITests.xctest */;
			productType = "com.apple.product-type.bundle.ui-testing";
		};
/* End PBXNativeTarget section */

/* Begin PBXProject section */
		EB4CB6472199AA1E00280224 /* Project object */ = {
			isa = PBXProject;
			attributes = {
				LastSwiftUpdateCheck = 1010;
				LastUpgradeCheck = 1010;
				ORGANIZATIONNAME = club16;
				TargetAttributes = {
					EB4CB64E2199AA1E00280224 = {
						CreatedOnToolsVersion = 10.1;
					};
					EB4CB6622199AA2000280224 = {
						CreatedOnToolsVersion = 10.1;
						TestTargetID = EB4CB64E2199AA1E00280224;
					};
					EB4CB66D2199AA2000280224 = {
						CreatedOnToolsVersion = 10.1;
						TestTargetID = EB4CB64E2199AA1E00280224;
					};
				};
			};
			buildConfigurationList = EB4CB64A2199AA1E00280224 /* Build configuration list for PBXProject "cashbackModule" */;
			compatibilityVersion = "Xcode 9.3";
			developmentRegion = en;
			hasScannedForEncodings = 0;
			knownRegions = (
				en,
				Base,
			);
			mainGroup = EB4CB6462199AA1E00280224;
			productRefGroup = EB4CB6502199AA1E00280224 /* Products */;
			projectDirPath = "";
			projectRoot = "";
			targets = (
				EB4CB64E2199AA1E00280224 /* cashbackModule */,
				EB4CB6622199AA2000280224 /* cashbackModuleTests */,
				EB4CB66D2199AA2000280224 /* cashbackModuleUITests */,
			);
		};
/* End PBXProject section */

/* Begin PBXResourcesBuildPhase section */
		EB4CB64D2199AA1E00280224 /* Resources */ = {
			isa = PBXResourcesBuildPhase;
			buildActionMask = 2147483647;
			files = (
				EBD6643221A5994E0074F379 /* FakeStart.storyboard in Resources */,
				EB4CB65D2199AA1F00280224 /* LaunchScreen.storyboard in Resources */,
				EB4CB65A2199AA1F00280224 /* Assets.xcassets in Resources */,
				EBD663E921A423660074F379 /* Cashback.storyboard in Resources */,
				EBD663EC21A425B80074F379 /* Settings.storyboard in Resources */,
				EBD6641E21A457ED0074F379 /* Start.storyboard in Resources */,
			);
			runOnlyForDeploymentPostprocessing = 0;
		};
		EB4CB6612199AA2000280224 /* Resources */ = {
			isa = PBXResourcesBuildPhase;
			buildActionMask = 2147483647;
			files = (
			);
			runOnlyForDeploymentPostprocessing = 0;
		};
		EB4CB66C2199AA2000280224 /* Resources */ = {
			isa = PBXResourcesBuildPhase;
			buildActionMask = 2147483647;
			files = (
			);
			runOnlyForDeploymentPostprocessing = 0;
		};
/* End PBXResourcesBuildPhase section */

/* Begin PBXSourcesBuildPhase section */
		EB4CB64B2199AA1E00280224 /* Sources */ = {
			isa = PBXSourcesBuildPhase;
			buildActionMask = 2147483647;
			files = (
				EB4CB71C2199C26000280224 /* SettingsController.swift in Sources */,
				EB4CB6F82199BF5500280224 /* Presentable.swift in Sources */,
				EBD6640321A4299A0074F379 /* FollowersView.swift in Sources */,
				EBD663F621A426780074F379 /* LocationController.swift in Sources */,
				EB4CB70B2199C02B00280224 /* ModuleFactoryImp.swift in Sources */,
				EBD663FC21A426780074F379 /* CashbackController.swift in Sources */,
				EBD663F821A426780074F379 /* CashbackView.swift in Sources */,
				EB4CB71F2199C27400280224 /* Setting.swift in Sources */,
				EBD663FF21A426DD0074F379 /* CashbackModuleFactory.swift in Sources */,
				EB4CB71B2199C26000280224 /* SettingsCoordinator.swift in Sources */,
				EB4CB7102199C02B00280224 /* CoordinatorFactory.swift in Sources */,
				EBD663FD21A426780074F379 /* CashbackCoordinatorOutput.swift in Sources */,
				EBD6642221A591C30074F379 /* TabbarCoordinator.swift in Sources */,
				EBD6642921A593BB0074F379 /* TabbarController.swift in Sources */,
				EBD6643421A599AE0074F379 /* FakeStartViewController.swift in Sources */,
				EB4CB6FA2199BF5500280224 /* Coordinator.swift in Sources */,
				EB4CB70C2199C02B00280224 /* SettingsModuleFactory.swift in Sources */,
				EB4CB6E92199B5E800280224 /* StoryboardsEnum.swift in Sources */,
				EBD663F921A426780074F379 /* DealsController.swift in Sources */,
				EBD663F721A426780074F379 /* LocationView.swift in Sources */,
				EB4CB7152199C0E600280224 /* Router.swift in Sources */,
				EBD663FB21A426780074F379 /* CashbackCoordinator.swift in Sources */,
				EB4CB70F2199C02B00280224 /* CoordinatorFactoryImp.swift in Sources */,
				EB4CB6532199AA1E00280224 /* AppDelegate.swift in Sources */,
				EBD663FA21A426780074F379 /* DealsView.swift in Sources */,
				EB4CB7142199C0E600280224 /* RouterImp.swift in Sources */,
				EB4CB6FD2199BFA100280224 /* BaseCoordinator.swift in Sources */,
				EB4CB6E72199B41600280224 /* UIViewControllerExtension.swift in Sources */,
				EB4CB6F92199BF5500280224 /* BaseView.swift in Sources */,
				EBD6642021A57EF70074F379 /* TabbarView.swift in Sources */,
				EB4CB6E62199B41600280224 /* UIViewExtensions.swift in Sources */,
				EB4CB6E52199B41600280224 /* NSObjectExtensions.swift in Sources */,
				EBD6640121A429560074F379 /* FollowersController.swift in Sources */,
				EB4CB6FF2199C00200280224 /* ApplicationCoordinator.swift in Sources */,
				EB4CB71D2199C26000280224 /* SettingsView.swift in Sources */,
			);
			runOnlyForDeploymentPostprocessing = 0;
		};
		EB4CB65F2199AA2000280224 /* Sources */ = {
			isa = PBXSourcesBuildPhase;
			buildActionMask = 2147483647;
			files = (
				EB4CB6682199AA2000280224 /* cashbackModuleTests.swift in Sources */,
			);
			runOnlyForDeploymentPostprocessing = 0;
		};
		EB4CB66A2199AA2000280224 /* Sources */ = {
			isa = PBXSourcesBuildPhase;
			buildActionMask = 2147483647;
			files = (
				EB4CB6732199AA2000280224 /* cashbackModuleUITests.swift in Sources */,
			);
			runOnlyForDeploymentPostprocessing = 0;
		};
/* End PBXSourcesBuildPhase section */

/* Begin PBXTargetDependency section */
		EB4CB6652199AA2000280224 /* PBXTargetDependency */ = {
			isa = PBXTargetDependency;
			target = EB4CB64E2199AA1E00280224 /* cashbackModule */;
			targetProxy = EB4CB6642199AA2000280224 /* PBXContainerItemProxy */;
		};
		EB4CB6702199AA2000280224 /* PBXTargetDependency */ = {
			isa = PBXTargetDependency;
			target = EB4CB64E2199AA1E00280224 /* cashbackModule */;
			targetProxy = EB4CB66F2199AA2000280224 /* PBXContainerItemProxy */;
		};
/* End PBXTargetDependency section */

/* Begin PBXVariantGroup section */
		EB4CB65B2199AA1F00280224 /* LaunchScreen.storyboard */ = {
			isa = PBXVariantGroup;
			children = (
				EB4CB65C2199AA1F00280224 /* Base */,
			);
			name = LaunchScreen.storyboard;
			sourceTree = "<group>";
		};
/* End PBXVariantGroup section */

/* Begin XCBuildConfiguration section */
		EB4CB6752199AA2000280224 /* Debug */ = {
			isa = XCBuildConfiguration;
			buildSettings = {
				ALWAYS_SEARCH_USER_PATHS = NO;
				CLANG_ANALYZER_NONNULL = YES;
				CLANG_ANALYZER_NUMBER_OBJECT_CONVERSION = YES_AGGRESSIVE;
				CLANG_CXX_LANGUAGE_STANDARD = "gnu++14";
				CLANG_CXX_LIBRARY = "libc++";
				CLANG_ENABLE_MODULES = YES;
				CLANG_ENABLE_OBJC_ARC = YES;
				CLANG_ENABLE_OBJC_WEAK = YES;
				CLANG_WARN_BLOCK_CAPTURE_AUTORELEASING = YES;
				CLANG_WARN_BOOL_CONVERSION = YES;
				CLANG_WARN_COMMA = YES;
				CLANG_WARN_CONSTANT_CONVERSION = YES;
				CLANG_WARN_DEPRECATED_OBJC_IMPLEMENTATIONS = YES;
				CLANG_WARN_DIRECT_OBJC_ISA_USAGE = YES_ERROR;
				CLANG_WARN_DOCUMENTATION_COMMENTS = YES;
				CLANG_WARN_EMPTY_BODY = YES;
				CLANG_WARN_ENUM_CONVERSION = YES;
				CLANG_WARN_INFINITE_RECURSION = YES;
				CLANG_WARN_INT_CONVERSION = YES;
				CLANG_WARN_NON_LITERAL_NULL_CONVERSION = YES;
				CLANG_WARN_OBJC_IMPLICIT_RETAIN_SELF = YES;
				CLANG_WARN_OBJC_LITERAL_CONVERSION = YES;
				CLANG_WARN_OBJC_ROOT_CLASS = YES_ERROR;
				CLANG_WARN_RANGE_LOOP_ANALYSIS = YES;
				CLANG_WARN_STRICT_PROTOTYPES = YES;
				CLANG_WARN_SUSPICIOUS_MOVE = YES;
				CLANG_WARN_UNGUARDED_AVAILABILITY = YES_AGGRESSIVE;
				CLANG_WARN_UNREACHABLE_CODE = YES;
				CLANG_WARN__DUPLICATE_METHOD_MATCH = YES;
				CODE_SIGN_IDENTITY = "iPhone Developer";
				COPY_PHASE_STRIP = NO;
				DEBUG_INFORMATION_FORMAT = dwarf;
				ENABLE_STRICT_OBJC_MSGSEND = YES;
				ENABLE_TESTABILITY = YES;
				GCC_C_LANGUAGE_STANDARD = gnu11;
				GCC_DYNAMIC_NO_PIC = NO;
				GCC_NO_COMMON_BLOCKS = YES;
				GCC_OPTIMIZATION_LEVEL = 0;
				GCC_PREPROCESSOR_DEFINITIONS = (
					"DEBUG=1",
					"$(inherited)",
				);
				GCC_WARN_64_TO_32_BIT_CONVERSION = YES;
				GCC_WARN_ABOUT_RETURN_TYPE = YES_ERROR;
				GCC_WARN_UNDECLARED_SELECTOR = YES;
				GCC_WARN_UNINITIALIZED_AUTOS = YES_AGGRESSIVE;
				GCC_WARN_UNUSED_FUNCTION = YES;
				GCC_WARN_UNUSED_VARIABLE = YES;
				IPHONEOS_DEPLOYMENT_TARGET = 12.1;
				MTL_ENABLE_DEBUG_INFO = INCLUDE_SOURCE;
				MTL_FAST_MATH = YES;
				ONLY_ACTIVE_ARCH = YES;
				SDKROOT = iphoneos;
				SWIFT_ACTIVE_COMPILATION_CONDITIONS = DEBUG;
				SWIFT_OPTIMIZATION_LEVEL = "-Onone";
			};
			name = Debug;
		};
		EB4CB6762199AA2000280224 /* Release */ = {
			isa = XCBuildConfiguration;
			buildSettings = {
				ALWAYS_SEARCH_USER_PATHS = NO;
				CLANG_ANALYZER_NONNULL = YES;
				CLANG_ANALYZER_NUMBER_OBJECT_CONVERSION = YES_AGGRESSIVE;
				CLANG_CXX_LANGUAGE_STANDARD = "gnu++14";
				CLANG_CXX_LIBRARY = "libc++";
				CLANG_ENABLE_MODULES = YES;
				CLANG_ENABLE_OBJC_ARC = YES;
				CLANG_ENABLE_OBJC_WEAK = YES;
				CLANG_WARN_BLOCK_CAPTURE_AUTORELEASING = YES;
				CLANG_WARN_BOOL_CONVERSION = YES;
				CLANG_WARN_COMMA = YES;
				CLANG_WARN_CONSTANT_CONVERSION = YES;
				CLANG_WARN_DEPRECATED_OBJC_IMPLEMENTATIONS = YES;
				CLANG_WARN_DIRECT_OBJC_ISA_USAGE = YES_ERROR;
				CLANG_WARN_DOCUMENTATION_COMMENTS = YES;
				CLANG_WARN_EMPTY_BODY = YES;
				CLANG_WARN_ENUM_CONVERSION = YES;
				CLANG_WARN_INFINITE_RECURSION = YES;
				CLANG_WARN_INT_CONVERSION = YES;
				CLANG_WARN_NON_LITERAL_NULL_CONVERSION = YES;
				CLANG_WARN_OBJC_IMPLICIT_RETAIN_SELF = YES;
				CLANG_WARN_OBJC_LITERAL_CONVERSION = YES;
				CLANG_WARN_OBJC_ROOT_CLASS = YES_ERROR;
				CLANG_WARN_RANGE_LOOP_ANALYSIS = YES;
				CLANG_WARN_STRICT_PROTOTYPES = YES;
				CLANG_WARN_SUSPICIOUS_MOVE = YES;
				CLANG_WARN_UNGUARDED_AVAILABILITY = YES_AGGRESSIVE;
				CLANG_WARN_UNREACHABLE_CODE = YES;
				CLANG_WARN__DUPLICATE_METHOD_MATCH = YES;
				CODE_SIGN_IDENTITY = "iPhone Developer";
				COPY_PHASE_STRIP = NO;
				DEBUG_INFORMATION_FORMAT = "dwarf-with-dsym";
				ENABLE_NS_ASSERTIONS = NO;
				ENABLE_STRICT_OBJC_MSGSEND = YES;
				GCC_C_LANGUAGE_STANDARD = gnu11;
				GCC_NO_COMMON_BLOCKS = YES;
				GCC_WARN_64_TO_32_BIT_CONVERSION = YES;
				GCC_WARN_ABOUT_RETURN_TYPE = YES_ERROR;
				GCC_WARN_UNDECLARED_SELECTOR = YES;
				GCC_WARN_UNINITIALIZED_AUTOS = YES_AGGRESSIVE;
				GCC_WARN_UNUSED_FUNCTION = YES;
				GCC_WARN_UNUSED_VARIABLE = YES;
				IPHONEOS_DEPLOYMENT_TARGET = 12.1;
				MTL_ENABLE_DEBUG_INFO = NO;
				MTL_FAST_MATH = YES;
				SDKROOT = iphoneos;
				SWIFT_COMPILATION_MODE = wholemodule;
				SWIFT_OPTIMIZATION_LEVEL = "-O";
				VALIDATE_PRODUCT = YES;
			};
			name = Release;
		};
		EB4CB6782199AA2000280224 /* Debug */ = {
			isa = XCBuildConfiguration;
			buildSettings = {
				ASSETCATALOG_COMPILER_APPICON_NAME = AppIcon;
				CODE_SIGN_STYLE = Automatic;
				DEVELOPMENT_TEAM = 3D2W27ZXUB;
				INFOPLIST_FILE = cashbackModule/Info.plist;
				IPHONEOS_DEPLOYMENT_TARGET = 9.0;
				LD_RUNPATH_SEARCH_PATHS = (
					"$(inherited)",
					"@executable_path/Frameworks",
				);
				PRODUCT_BUNDLE_IDENTIFIER = com.idt.cashbackModule;
				PRODUCT_NAME = "$(TARGET_NAME)";
				SWIFT_OBJC_BRIDGING_HEADER = "cashbackModule-Bridging-Header.h";
				SWIFT_VERSION = 4.2;
				TARGETED_DEVICE_FAMILY = "1,2";
			};
			name = Debug;
		};
		EB4CB6792199AA2000280224 /* Release */ = {
			isa = XCBuildConfiguration;
			buildSettings = {
				ASSETCATALOG_COMPILER_APPICON_NAME = AppIcon;
				CODE_SIGN_STYLE = Automatic;
				DEVELOPMENT_TEAM = 3D2W27ZXUB;
				INFOPLIST_FILE = cashbackModule/Info.plist;
				IPHONEOS_DEPLOYMENT_TARGET = 9.0;
				LD_RUNPATH_SEARCH_PATHS = (
					"$(inherited)",
					"@executable_path/Frameworks",
				);
				PRODUCT_BUNDLE_IDENTIFIER = com.idt.cashbackModule;
				PRODUCT_NAME = "$(TARGET_NAME)";
				SWIFT_OBJC_BRIDGING_HEADER = "cashbackModule-Bridging-Header.h";
				SWIFT_VERSION = 4.2;
				TARGETED_DEVICE_FAMILY = "1,2";
			};
			name = Release;
		};
		EB4CB67B2199AA2000280224 /* Debug */ = {
			isa = XCBuildConfiguration;
			buildSettings = {
				ALWAYS_EMBED_SWIFT_STANDARD_LIBRARIES = YES;
				BUNDLE_LOADER = "$(TEST_HOST)";
				CODE_SIGN_STYLE = Automatic;
				INFOPLIST_FILE = cashbackModuleTests/Info.plist;
				LD_RUNPATH_SEARCH_PATHS = (
					"$(inherited)",
					"@executable_path/Frameworks",
					"@loader_path/Frameworks",
				);
				PRODUCT_BUNDLE_IDENTIFIER = com.idt.cashbackModuleTests;
				PRODUCT_NAME = "$(TARGET_NAME)";
				SWIFT_VERSION = 4.2;
				TARGETED_DEVICE_FAMILY = "1,2";
				TEST_HOST = "$(BUILT_PRODUCTS_DIR)/cashbackModule.app/cashbackModule";
			};
			name = Debug;
		};
		EB4CB67C2199AA2000280224 /* Release */ = {
			isa = XCBuildConfiguration;
			buildSettings = {
				ALWAYS_EMBED_SWIFT_STANDARD_LIBRARIES = YES;
				BUNDLE_LOADER = "$(TEST_HOST)";
				CODE_SIGN_STYLE = Automatic;
				INFOPLIST_FILE = cashbackModuleTests/Info.plist;
				LD_RUNPATH_SEARCH_PATHS = (
					"$(inherited)",
					"@executable_path/Frameworks",
					"@loader_path/Frameworks",
				);
				PRODUCT_BUNDLE_IDENTIFIER = com.idt.cashbackModuleTests;
				PRODUCT_NAME = "$(TARGET_NAME)";
				SWIFT_VERSION = 4.2;
				TARGETED_DEVICE_FAMILY = "1,2";
				TEST_HOST = "$(BUILT_PRODUCTS_DIR)/cashbackModule.app/cashbackModule";
			};
			name = Release;
		};
		EB4CB67E2199AA2000280224 /* Debug */ = {
			isa = XCBuildConfiguration;
			buildSettings = {
				ALWAYS_EMBED_SWIFT_STANDARD_LIBRARIES = YES;
				CODE_SIGN_STYLE = Automatic;
				INFOPLIST_FILE = cashbackModuleUITests/Info.plist;
				LD_RUNPATH_SEARCH_PATHS = (
					"$(inherited)",
					"@executable_path/Frameworks",
					"@loader_path/Frameworks",
				);
				PRODUCT_BUNDLE_IDENTIFIER = com.idt.cashbackModuleUITests;
				PRODUCT_NAME = "$(TARGET_NAME)";
				SWIFT_VERSION = 4.2;
				TARGETED_DEVICE_FAMILY = "1,2";
				TEST_TARGET_NAME = cashbackModule;
			};
			name = Debug;
		};
		EB4CB67F2199AA2000280224 /* Release */ = {
			isa = XCBuildConfiguration;
			buildSettings = {
				ALWAYS_EMBED_SWIFT_STANDARD_LIBRARIES = YES;
				CODE_SIGN_STYLE = Automatic;
				INFOPLIST_FILE = cashbackModuleUITests/Info.plist;
				LD_RUNPATH_SEARCH_PATHS = (
					"$(inherited)",
					"@executable_path/Frameworks",
					"@loader_path/Frameworks",
				);
				PRODUCT_BUNDLE_IDENTIFIER = com.idt.cashbackModuleUITests;
				PRODUCT_NAME = "$(TARGET_NAME)";
				SWIFT_VERSION = 4.2;
				TARGETED_DEVICE_FAMILY = "1,2";
				TEST_TARGET_NAME = cashbackModule;
			};
			name = Release;
		};
/* End XCBuildConfiguration section */

/* Begin XCConfigurationList section */
		EB4CB64A2199AA1E00280224 /* Build configuration list for PBXProject "cashbackModule" */ = {
			isa = XCConfigurationList;
			buildConfigurations = (
				EB4CB6752199AA2000280224 /* Debug */,
				EB4CB6762199AA2000280224 /* Release */,
			);
			defaultConfigurationIsVisible = 0;
			defaultConfigurationName = Release;
		};
		EB4CB6772199AA2000280224 /* Build configuration list for PBXNativeTarget "cashbackModule" */ = {
			isa = XCConfigurationList;
			buildConfigurations = (
				EB4CB6782199AA2000280224 /* Debug */,
				EB4CB6792199AA2000280224 /* Release */,
			);
			defaultConfigurationIsVisible = 0;
			defaultConfigurationName = Release;
		};
		EB4CB67A2199AA2000280224 /* Build configuration list for PBXNativeTarget "cashbackModuleTests" */ = {
			isa = XCConfigurationList;
			buildConfigurations = (
				EB4CB67B2199AA2000280224 /* Debug */,
				EB4CB67C2199AA2000280224 /* Release */,
			);
			defaultConfigurationIsVisible = 0;
			defaultConfigurationName = Release;
		};
		EB4CB67D2199AA2000280224 /* Build configuration list for PBXNativeTarget "cashbackModuleUITests" */ = {
			isa = XCConfigurationList;
			buildConfigurations = (
				EB4CB67E2199AA2000280224 /* Debug */,
				EB4CB67F2199AA2000280224 /* Release */,
			);
			defaultConfigurationIsVisible = 0;
			defaultConfigurationName = Release;
		};
/* End XCConfigurationList section */
	};
	rootObject = EB4CB6472199AA1E00280224 /* Project object */;
}
